# THIS IS AN AUTOGENERATED FILE. DO NOT EDIT THIS FILE DIRECTLY.
# yarn lockfile v1


"@remix-run/router@1.6.2":
  version "1.6.2"
  resolved "https://registry.yarnpkg.com/@remix-run/router/-/router-1.6.2.tgz#bbe75f8c59e0b7077584920ce2cc76f8f354934d"
  integrity sha512-LzqpSrMK/3JBAVBI9u3NWtOhWNw5AMQfrUFYB0+bDHTSw17z++WJLsPsxAuK+oSddsxk4d7F/JcdDPM1M5YAhA==

diary@^0.4.4:
  version "0.4.4"
  resolved "https://registry.yarnpkg.com/diary/-/diary-0.4.4.tgz#99d7e2877c15072c7a4933f08ff615ccfcd6126e"
  integrity sha512-CTIivFihV6Y0gik2Y9HIOoB9hnUEPej5z4lkSMkmGBZSdUhjfYB7qtLVCHWr0g2RwtR98prF8aFdUaeth0kVgg==

pic@^1.0.1:
  version "1.0.1"
  resolved "https://registry.yarnpkg.com/pic/-/pic-1.0.1.tgz#1615cc3f6eee0bc1462aa321c0b1bfbddd7317ac"
  integrity sha512-qmLv50//R36/ZvQthe2f+qUwRvEx8Q6RLQossRvIdbAjiYpRbrr0HgX0q1Dxh651tOCozHycuoC3WfrmGuKTww==

react-freeze@^1.0.0:
  version "1.0.3"
  resolved "https://registry.yarnpkg.com/react-freeze/-/react-freeze-1.0.3.tgz#5e3ca90e682fed1d73a7cb50c2c7402b3e85618d"
  integrity sha512-ZnXwLQnGzrDpHBHiC56TXFXvmolPeMjTn1UOm610M4EXGzbEDR7oOIyS2ZiItgbs6eZc4oU/a0hpk8PrcKvv5g==

react-native-safe-area-context@^4.5.3:
  version "4.5.3"
  resolved "https://registry.yarnpkg.com/react-native-safe-area-context/-/react-native-safe-area-context-4.5.3.tgz#e98eb1a73a6b3846d296545fe74760754dbaaa69"
  integrity sha512-ihYeGDEBSkYH+1aWnadNhVtclhppVgd/c0tm4mj0+HV11FoiWJ8N6ocnnZnRLvM5Fxc+hUqxR9bm5AXU3rXiyA==

react-native-screens@^3.20.0:
  version "3.20.0"
  resolved "https://registry.yarnpkg.com/react-native-screens/-/react-native-screens-3.20.0.tgz#4d154177395e5541387d9a05bc2e12e54d2fb5b1"
  integrity sha512-joWUKWAVHxymP3mL9gYApFHAsbd9L6ZcmpoZa6Sl3W/82bvvNVMqcfP7MeNqVCg73qZ8yL4fW+J/syusHleUgg==
  dependencies:
    react-freeze "^1.0.0"
    warn-once "^0.1.0"

react-router-dom@^6.11.2:
  version "6.11.2"
  resolved "https://registry.yarnpkg.com/react-router-dom/-/react-router-dom-6.11.2.tgz#324d55750ffe2ecd54ca4ec6b7bc7ab01741f170"
  integrity sha512-JNbKtAeh1VSJQnH6RvBDNhxNwemRj7KxCzc5jb7zvDSKRnPWIFj9pO+eXqjM69gQJ0r46hSz1x4l9y0651DKWw==
  dependencies:
    "@remix-run/router" "1.6.2"
    react-router "6.11.2"

react-router@6.11.2:
  version "6.11.2"
  resolved "https://registry.yarnpkg.com/react-router/-/react-router-6.11.2.tgz#006301c4da1a173d7ad76b7ecd2da01b9dd3837a"
  integrity sha512-74z9xUSaSX07t3LM+pS6Un0T55ibUE/79CzfZpy5wsPDZaea1F8QkrsiyRnA2YQ7LwE/umaydzXZV80iDCPkMg==
  dependencies:
    "@remix-run/router" "1.6.2"

warn-once@^0.1.0:
  version "0.1.1"
  resolved "https://registry.yarnpkg.com/warn-once/-/warn-once-0.1.1.tgz#952088f4fb56896e73fd4e6a3767272a3fccce43"
  integrity sha512-VkQZJbO8zVImzYFteBXvBOZEl1qL175WH8VmZcxF2fZAoudNhNDvHi+doCaAEdU2l2vtcIwa2zn0QK5+I1HQ3Q==
